
Microsoft Visual Studio Solution File, Format Version 12.00
# Visual Studio Version 16
VisualStudioVersion = 16.0.32630.194
MinimumVisualStudioVersion = 10.0.40219.1
Project("{FAE04EC0-301F-11D3-BF4B-00C04F79EFBC}") = "Projeto TecBlog", "Projeto TecBlog.csproj", "{FAB0A9A6-7A92-4C9A-A5F0-A591167BFFD7}"
EndProject
Global
	GlobalSection(SolutionConfigurationPlatforms) = preSolution
		Debug|Any CPU = Debug|Any CPU
		Release|Any CPU = Release|Any CPU
	EndGlobalSection
	GlobalSection(ProjectConfigurationPlatforms) = postSolution
		{FAB0A9A6-7A92-4C9A-A5F0-A591167BFFD7}.Debug|Any CPU.ActiveCfg = Debug|Any CPU
		{FAB0A9A6-7A92-4C9A-A5F0-A591167BFFD7}.Debug|Any CPU.Build.0 = Debug|Any CPU
		{FAB0A9A6-7A92-4C9A-A5F0-A591167BFFD7}.Release|Any CPU.ActiveCfg = Release|Any CPU
		{FAB0A9A6-7A92-4C9A-A5F0-A591167BFFD7}.Release|Any CPU.Build.0 = Release|Any CPU
	EndGlobalSection
	GlobalSection(SolutionProperties) = preSolution
		HideSolutionNode = FALSE
	EndGlobalSection
	GlobalSection(ExtensibilityGlobals) = postSolution
		SolutionGuid = {577A1966-1718-47CF-A7AF-0F8A6383D54E}
	EndGlobalSection
EndGlobal
